
Microsoft Visual Studio Solution File, Format Version 12.00
# Visual Studio 15
VisualStudioVersion = 15.0.28307.271
MinimumVisualStudioVersion = 10.0.40219.1
Project("{8BC9CEB8-8B4A-11D0-8D11-00A0C91BC942}") = "23", "23\23.vcxproj", "{B0EE54D7-3598-4C0A-BC60-099F4553B942}"
EndProject
Global
	GlobalSection(SolutionConfigurationPlatforms) = preSolution
		Debug|x64 = Debug|x64
		Debug|x86 = Debug|x86
		Release|x64 = Release|x64
		Release|x86 = Release|x86
	EndGlobalSection
	GlobalSection(ProjectConfigurationPlatforms) = postSolution
		{B0EE54D7-3598-4C0A-BC60-099F4553B942}.Debug|x64.ActiveCfg = Debug|x64
		{B0EE54D7-3598-4C0A-BC60-099F4553B942}.Debug|x64.Build.0 = Debug|x64
		{B0EE54D7-3598-4C0A-BC60-099F4553B942}.Debug|x86.ActiveCfg = Debug|Win32
		{B0EE54D7-3598-4C0A-BC60-099F4553B942}.Debug|x86.Build.0 = Debug|Win32
		{B0EE54D7-3598-4C0A-BC60-099F4553B942}.Release|x64.ActiveCfg = Release|x64
		{B0EE54D7-3598-4C0A-BC60-099F4553B942}.Release|x64.Build.0 = Release|x64
		{B0EE54D7-3598-4C0A-BC60-099F4553B942}.Release|x86.ActiveCfg = Release|Win32
		{B0EE54D7-3598-4C0A-BC60-099F4553B942}.Release|x86.Build.0 = Release|Win32
	EndGlobalSection
	GlobalSection(SolutionProperties) = preSolution
		HideSolutionNode = FALSE
	EndGlobalSection
	GlobalSection(ExtensibilityGlobals) = postSolution
		SolutionGuid = {9C78C2E6-53E6-497E-A499-FB5DAAAD490C}
	EndGlobalSection
EndGlobal
